
Microsoft Visual Studio Solution File, Format Version 12.00
# Visual Studio Version 17
VisualStudioVersion = 17.9.34902.65
MinimumVisualStudioVersion = 10.0.40219.1
Project("{9A19103F-16F7-4668-BE54-9A1E7A4F7556}") = "AdminDepartamentos.Domain", "AdminDepartamentos.Domain\AdminDepartamentos.Domain.csproj", "{77828777-C17E-440C-A91D-0CA5856479D4}"
EndProject
Project("{9A19103F-16F7-4668-BE54-9A1E7A4F7556}") = "AdminDepartamentos.Infrastucture", "AdminDepartamentos.Infrastucture\AdminDepartamentos.Infrastucture.csproj", "{C25376BB-BEF9-4FE2-AF26-A8671908FC69}"
EndProject
Project("{9A19103F-16F7-4668-BE54-9A1E7A4F7556}") = "AdminDepartamentos.IOC", "AdminDepartamentos.IOC\AdminDepartamentos.IOC.csproj", "{E5F61C0D-7C4E-48C6-AEDB-133F1C1C8B5B}"
EndProject
Project("{FAE04EC0-301F-11D3-BF4B-00C04F79EFBC}") = "AdminDepartamentos.API", "AdminDepartamentos.API\AdminDepartamentos.API.csproj", "{5A6F2B02-06B4-483D-892B-403E6C428E4E}"
EndProject
Global
	GlobalSection(SolutionConfigurationPlatforms) = preSolution
		Debug|Any CPU = Debug|Any CPU
		Release|Any CPU = Release|Any CPU
	EndGlobalSection
	GlobalSection(ProjectConfigurationPlatforms) = postSolution
		{77828777-C17E-440C-A91D-0CA5856479D4}.Debug|Any CPU.ActiveCfg = Debug|Any CPU
		{77828777-C17E-440C-A91D-0CA5856479D4}.Debug|Any CPU.Build.0 = Debug|Any CPU
		{77828777-C17E-440C-A91D-0CA5856479D4}.Release|Any CPU.ActiveCfg = Release|Any CPU
		{77828777-C17E-440C-A91D-0CA5856479D4}.Release|Any CPU.Build.0 = Release|Any CPU
		{C25376BB-BEF9-4FE2-AF26-A8671908FC69}.Debug|Any CPU.ActiveCfg = Debug|Any CPU
		{C25376BB-BEF9-4FE2-AF26-A8671908FC69}.Debug|Any CPU.Build.0 = Debug|Any CPU
		{C25376BB-BEF9-4FE2-AF26-A8671908FC69}.Release|Any CPU.ActiveCfg = Release|Any CPU
		{C25376BB-BEF9-4FE2-AF26-A8671908FC69}.Release|Any CPU.Build.0 = Release|Any CPU
		{E5F61C0D-7C4E-48C6-AEDB-133F1C1C8B5B}.Debug|Any CPU.ActiveCfg = Debug|Any CPU
		{E5F61C0D-7C4E-48C6-AEDB-133F1C1C8B5B}.Debug|Any CPU.Build.0 = Debug|Any CPU
		{E5F61C0D-7C4E-48C6-AEDB-133F1C1C8B5B}.Release|Any CPU.ActiveCfg = Release|Any CPU
		{E5F61C0D-7C4E-48C6-AEDB-133F1C1C8B5B}.Release|Any CPU.Build.0 = Release|Any CPU
		{5A6F2B02-06B4-483D-892B-403E6C428E4E}.Debug|Any CPU.ActiveCfg = Debug|Any CPU
		{5A6F2B02-06B4-483D-892B-403E6C428E4E}.Debug|Any CPU.Build.0 = Debug|Any CPU
		{5A6F2B02-06B4-483D-892B-403E6C428E4E}.Release|Any CPU.ActiveCfg = Release|Any CPU
		{5A6F2B02-06B4-483D-892B-403E6C428E4E}.Release|Any CPU.Build.0 = Release|Any CPU
	EndGlobalSection
	GlobalSection(SolutionProperties) = preSolution
		HideSolutionNode = FALSE
	EndGlobalSection
	GlobalSection(ExtensibilityGlobals) = postSolution
		SolutionGuid = {4E4FC903-3796-4F6B-A8A0-0DFD88B99888}
	EndGlobalSection
EndGlobal
